
Microsoft Visual Studio Solution File, Format Version 12.00
# Visual Studio Version 17
VisualStudioVersion = 17.7.34221.43
MinimumVisualStudioVersion = 10.0.40219.1
Project("{FAE04EC0-301F-11D3-BF4B-00C04F79EFBC}") = "ClientApplication", "ClientApplication.csproj", "{18C0067A-5077-4623-9F75-0944164CFA16}"
EndProject
Project("{FAE04EC0-301F-11D3-BF4B-00C04F79EFBC}") = "ServerApplication", "..\ServerApplication\ServerApplication.csproj", "{323B4B3E-2F4B-4446-8034-3ADAC5DEA01E}"
EndProject
Global
	GlobalSection(SolutionConfigurationPlatforms) = preSolution
		Debug|Any CPU = Debug|Any CPU
		Release|Any CPU = Release|Any CPU
	EndGlobalSection
	GlobalSection(ProjectConfigurationPlatforms) = postSolution
		{18C0067A-5077-4623-9F75-0944164CFA16}.Debug|Any CPU.ActiveCfg = Debug|Any CPU
		{18C0067A-5077-4623-9F75-0944164CFA16}.Debug|Any CPU.Build.0 = Debug|Any CPU
		{18C0067A-5077-4623-9F75-0944164CFA16}.Release|Any CPU.ActiveCfg = Release|Any CPU
		{18C0067A-5077-4623-9F75-0944164CFA16}.Release|Any CPU.Build.0 = Release|Any CPU
		{323B4B3E-2F4B-4446-8034-3ADAC5DEA01E}.Debug|Any CPU.ActiveCfg = Debug|Any CPU
		{323B4B3E-2F4B-4446-8034-3ADAC5DEA01E}.Debug|Any CPU.Build.0 = Debug|Any CPU
		{323B4B3E-2F4B-4446-8034-3ADAC5DEA01E}.Release|Any CPU.ActiveCfg = Release|Any CPU
		{323B4B3E-2F4B-4446-8034-3ADAC5DEA01E}.Release|Any CPU.Build.0 = Release|Any CPU
	EndGlobalSection
	GlobalSection(SolutionProperties) = preSolution
		HideSolutionNode = FALSE
	EndGlobalSection
	GlobalSection(ExtensibilityGlobals) = postSolution
		SolutionGuid = {77B7AE44-DC77-4F12-8D64-E4A97A066464}
	EndGlobalSection
EndGlobal
